
Microsoft Visual Studio Solution File, Format Version 12.00
# Visual Studio Version 17
VisualStudioVersion = 17.11.35303.130
MinimumVisualStudioVersion = 10.0.40219.1
Project("{FAE04EC0-301F-11D3-BF4B-00C04F79EFBC}") = "RestaurantApp-BackEnd", "RestaurantApp-BackEnd.csproj", "{6619BD10-CB63-4F55-971B-B4F353A6E578}"
EndProject
Global
	GlobalSection(SolutionConfigurationPlatforms) = preSolution
		Debug|Any CPU = Debug|Any CPU
		Release|Any CPU = Release|Any CPU
	EndGlobalSection
	GlobalSection(ProjectConfigurationPlatforms) = postSolution
		{6619BD10-CB63-4F55-971B-B4F353A6E578}.Debug|Any CPU.ActiveCfg = Debug|Any CPU
		{6619BD10-CB63-4F55-971B-B4F353A6E578}.Debug|Any CPU.Build.0 = Debug|Any CPU
		{6619BD10-CB63-4F55-971B-B4F353A6E578}.Release|Any CPU.ActiveCfg = Release|Any CPU
		{6619BD10-CB63-4F55-971B-B4F353A6E578}.Release|Any CPU.Build.0 = Release|Any CPU
	EndGlobalSection
	GlobalSection(SolutionProperties) = preSolution
		HideSolutionNode = FALSE
	EndGlobalSection
	GlobalSection(ExtensibilityGlobals) = postSolution
		SolutionGuid = {50FCBB04-01F3-4096-BD6A-D73824057083}
	EndGlobalSection
EndGlobal
